
Microsoft Visual Studio Solution File, Format Version 12.00
Project("{FAE04EC0-301F-11D3-BF4B-00C04F79EFBC}") = "ProgrammingBasics", "ProgrammingBasics.csproj", "{23AAAC1D-8CC2-4E58-9021-4CD9B83F8405}"
EndProject
Project("{FAE04EC0-301F-11D3-BF4B-00C04F79EFBC}") = "Task_2_2", "..\Task_2_2\Task_2_2.csproj", "{D8509706-C8DE-49E9-BE9F-DB26CA5429E0}"
EndProject
Project("{FAE04EC0-301F-11D3-BF4B-00C04F79EFBC}") = "Task_2_3", "..\Task_2_3\Task_2_3.csproj", "{549A40DC-6564-4EAF-B693-AC095CA85A27}"
EndProject
Project("{FAE04EC0-301F-11D3-BF4B-00C04F79EFBC}") = "Task_2_4", "..\Task_2_4\Task_2_4.csproj", "{A3A89659-CBAE-420C-8BFE-E2470504C599}"
EndProject
Project("{FAE04EC0-301F-11D3-BF4B-00C04F79EFBC}") = "Task_2_5", "..\Task_2_5\Task_2_5.csproj", "{2DBB35C4-0510-4E81-8723-97EB80E7F041}"
EndProject
Project("{FAE04EC0-301F-11D3-BF4B-00C04F79EFBC}") = "Task_2_6", "..\Task_2_6\Task_2_6.csproj", "{1C8DD4D4-533E-4D32-9DBF-880A3D33E6DD}"
EndProject
Project("{FAE04EC0-301F-11D3-BF4B-00C04F79EFBC}") = "Task_2_7", "..\Task_2_7\Task_2_7.csproj", "{B1075C21-BEC7-4C4F-8102-BF4A0F3F9E7B}"
EndProject
Project("{FAE04EC0-301F-11D3-BF4B-00C04F79EFBC}") = "Task_2_8", "..\Task_2_8\Task_2_8.csproj", "{AAEF9D7F-93FC-4CEE-B516-A57CAC5B9F8E}"
EndProject
Project("{FAE04EC0-301F-11D3-BF4B-00C04F79EFBC}") = "Task_2_9", "..\Task_2_9\Task_2_9.csproj", "{D9758B20-8F80-4FE5-A5F8-4D07EADE29CE}"
EndProject
Project("{FAE04EC0-301F-11D3-BF4B-00C04F79EFBC}") = "Task_2_11", "..\Task_2_11\Task_2_11.csproj", "{197D28C4-F82E-4985-AD34-E46A764C956D}"
EndProject
Project("{FAE04EC0-301F-11D3-BF4B-00C04F79EFBC}") = "Task_2_12", "..\Task_2_12\Task_2_12.csproj", "{20D2D722-5819-4CCB-A2AF-9F2CE0FFFF5B}"
EndProject
Project("{FAE04EC0-301F-11D3-BF4B-00C04F79EFBC}") = "Task_2_13", "..\Task_2_13\Task_2_13.csproj", "{CB2D94B0-317A-4FD6-9638-E058CF51D986}"
EndProject
Global
	GlobalSection(SolutionConfigurationPlatforms) = preSolution
		Debug|Any CPU = Debug|Any CPU
		Release|Any CPU = Release|Any CPU
	EndGlobalSection
	GlobalSection(ProjectConfigurationPlatforms) = postSolution
		{23AAAC1D-8CC2-4E58-9021-4CD9B83F8405}.Debug|Any CPU.ActiveCfg = Debug|Any CPU
		{23AAAC1D-8CC2-4E58-9021-4CD9B83F8405}.Debug|Any CPU.Build.0 = Debug|Any CPU
		{23AAAC1D-8CC2-4E58-9021-4CD9B83F8405}.Release|Any CPU.ActiveCfg = Release|Any CPU
		{23AAAC1D-8CC2-4E58-9021-4CD9B83F8405}.Release|Any CPU.Build.0 = Release|Any CPU
		{D8509706-C8DE-49E9-BE9F-DB26CA5429E0}.Debug|Any CPU.ActiveCfg = Debug|Any CPU
		{D8509706-C8DE-49E9-BE9F-DB26CA5429E0}.Debug|Any CPU.Build.0 = Debug|Any CPU
		{D8509706-C8DE-49E9-BE9F-DB26CA5429E0}.Release|Any CPU.ActiveCfg = Release|Any CPU
		{D8509706-C8DE-49E9-BE9F-DB26CA5429E0}.Release|Any CPU.Build.0 = Release|Any CPU
		{549A40DC-6564-4EAF-B693-AC095CA85A27}.Debug|Any CPU.ActiveCfg = Debug|Any CPU
		{549A40DC-6564-4EAF-B693-AC095CA85A27}.Debug|Any CPU.Build.0 = Debug|Any CPU
		{549A40DC-6564-4EAF-B693-AC095CA85A27}.Release|Any CPU.ActiveCfg = Release|Any CPU
		{549A40DC-6564-4EAF-B693-AC095CA85A27}.Release|Any CPU.Build.0 = Release|Any CPU
		{A3A89659-CBAE-420C-8BFE-E2470504C599}.Debug|Any CPU.ActiveCfg = Debug|Any CPU
		{A3A89659-CBAE-420C-8BFE-E2470504C599}.Debug|Any CPU.Build.0 = Debug|Any CPU
		{A3A89659-CBAE-420C-8BFE-E2470504C599}.Release|Any CPU.ActiveCfg = Release|Any CPU
		{A3A89659-CBAE-420C-8BFE-E2470504C599}.Release|Any CPU.Build.0 = Release|Any CPU
		{2DBB35C4-0510-4E81-8723-97EB80E7F041}.Debug|Any CPU.ActiveCfg = Debug|Any CPU
		{2DBB35C4-0510-4E81-8723-97EB80E7F041}.Debug|Any CPU.Build.0 = Debug|Any CPU
		{2DBB35C4-0510-4E81-8723-97EB80E7F041}.Release|Any CPU.ActiveCfg = Release|Any CPU
		{2DBB35C4-0510-4E81-8723-97EB80E7F041}.Release|Any CPU.Build.0 = Release|Any CPU
		{1C8DD4D4-533E-4D32-9DBF-880A3D33E6DD}.Debug|Any CPU.ActiveCfg = Debug|Any CPU
		{1C8DD4D4-533E-4D32-9DBF-880A3D33E6DD}.Debug|Any CPU.Build.0 = Debug|Any CPU
		{1C8DD4D4-533E-4D32-9DBF-880A3D33E6DD}.Release|Any CPU.ActiveCfg = Release|Any CPU
		{1C8DD4D4-533E-4D32-9DBF-880A3D33E6DD}.Release|Any CPU.Build.0 = Release|Any CPU
		{B1075C21-BEC7-4C4F-8102-BF4A0F3F9E7B}.Debug|Any CPU.ActiveCfg = Debug|Any CPU
		{B1075C21-BEC7-4C4F-8102-BF4A0F3F9E7B}.Debug|Any CPU.Build.0 = Debug|Any CPU
		{B1075C21-BEC7-4C4F-8102-BF4A0F3F9E7B}.Release|Any CPU.ActiveCfg = Release|Any CPU
		{B1075C21-BEC7-4C4F-8102-BF4A0F3F9E7B}.Release|Any CPU.Build.0 = Release|Any CPU
		{AAEF9D7F-93FC-4CEE-B516-A57CAC5B9F8E}.Debug|Any CPU.ActiveCfg = Debug|Any CPU
		{AAEF9D7F-93FC-4CEE-B516-A57CAC5B9F8E}.Debug|Any CPU.Build.0 = Debug|Any CPU
		{AAEF9D7F-93FC-4CEE-B516-A57CAC5B9F8E}.Release|Any CPU.ActiveCfg = Release|Any CPU
		{AAEF9D7F-93FC-4CEE-B516-A57CAC5B9F8E}.Release|Any CPU.Build.0 = Release|Any CPU
		{D9758B20-8F80-4FE5-A5F8-4D07EADE29CE}.Debug|Any CPU.ActiveCfg = Debug|Any CPU
		{D9758B20-8F80-4FE5-A5F8-4D07EADE29CE}.Debug|Any CPU.Build.0 = Debug|Any CPU
		{D9758B20-8F80-4FE5-A5F8-4D07EADE29CE}.Release|Any CPU.ActiveCfg = Release|Any CPU
		{D9758B20-8F80-4FE5-A5F8-4D07EADE29CE}.Release|Any CPU.Build.0 = Release|Any CPU
		{197D28C4-F82E-4985-AD34-E46A764C956D}.Debug|Any CPU.ActiveCfg = Debug|Any CPU
		{197D28C4-F82E-4985-AD34-E46A764C956D}.Debug|Any CPU.Build.0 = Debug|Any CPU
		{197D28C4-F82E-4985-AD34-E46A764C956D}.Release|Any CPU.ActiveCfg = Release|Any CPU
		{197D28C4-F82E-4985-AD34-E46A764C956D}.Release|Any CPU.Build.0 = Release|Any CPU
		{20D2D722-5819-4CCB-A2AF-9F2CE0FFFF5B}.Debug|Any CPU.ActiveCfg = Debug|Any CPU
		{20D2D722-5819-4CCB-A2AF-9F2CE0FFFF5B}.Debug|Any CPU.Build.0 = Debug|Any CPU
		{20D2D722-5819-4CCB-A2AF-9F2CE0FFFF5B}.Release|Any CPU.ActiveCfg = Release|Any CPU
		{20D2D722-5819-4CCB-A2AF-9F2CE0FFFF5B}.Release|Any CPU.Build.0 = Release|Any CPU
		{CB2D94B0-317A-4FD6-9638-E058CF51D986}.Debug|Any CPU.ActiveCfg = Debug|Any CPU
		{CB2D94B0-317A-4FD6-9638-E058CF51D986}.Debug|Any CPU.Build.0 = Debug|Any CPU
		{CB2D94B0-317A-4FD6-9638-E058CF51D986}.Release|Any CPU.ActiveCfg = Release|Any CPU
		{CB2D94B0-317A-4FD6-9638-E058CF51D986}.Release|Any CPU.Build.0 = Release|Any CPU
	EndGlobalSection
EndGlobal
